
Microsoft Visual Studio Solution File, Format Version 12.00
# Visual Studio Version 17
VisualStudioVersion = 17.0.32014.148
MinimumVisualStudioVersion = 10.0.40219.1
Project("{2150E333-8FDC-42A3-9474-1A3956D46DE8}") = "src", "src", "{2203364C-67F6-48CC-AA02-F2EB75DFE9C7}"
EndProject
Project("{2150E333-8FDC-42A3-9474-1A3956D46DE8}") = "Core", "Core", "{720C760B-F8DD-4493-9584-D22CFE96D277}"
EndProject
Project("{2150E333-8FDC-42A3-9474-1A3956D46DE8}") = "Infraestructure", "Infraestructure", "{ED58B862-7342-4978-A394-9DED7A5F375A}"
EndProject
Project("{2150E333-8FDC-42A3-9474-1A3956D46DE8}") = "Presentation", "Presentation", "{2E3C0883-D42A-466A-8BDD-ECB58FBD7761}"
EndProject
Project("{FAE04EC0-301F-11D3-BF4B-00C04F79EFBC}") = "Application", "Application\Application.csproj", "{E6D741EB-88FC-4069-AE2B-754DEF970B19}"
EndProject
Project("{FAE04EC0-301F-11D3-BF4B-00C04F79EFBC}") = "Domain", "Domain\Domain.csproj", "{5061270B-532C-4616-8988-02A78CC03DF2}"
EndProject
Project("{FAE04EC0-301F-11D3-BF4B-00C04F79EFBC}") = "Persistence", "Persistence\Persistence.csproj", "{9536841A-50D0-452B-BD96-6CCBC5976E5E}"
EndProject
Project("{FAE04EC0-301F-11D3-BF4B-00C04F79EFBC}") = "Shared", "Shared\Shared.csproj", "{C1257688-DEDD-46CD-B9ED-065BF0EB7503}"
EndProject
Project("{FAE04EC0-301F-11D3-BF4B-00C04F79EFBC}") = "NETWebAPI", "NETWebAPI\NETWebAPI.csproj", "{5490F786-9299-45E3-89C9-F0D607B28AC3}"
EndProject
Global
	GlobalSection(SolutionConfigurationPlatforms) = preSolution
		Debug|Any CPU = Debug|Any CPU
		Release|Any CPU = Release|Any CPU
	EndGlobalSection
	GlobalSection(ProjectConfigurationPlatforms) = postSolution
		{E6D741EB-88FC-4069-AE2B-754DEF970B19}.Debug|Any CPU.ActiveCfg = Debug|Any CPU
		{E6D741EB-88FC-4069-AE2B-754DEF970B19}.Debug|Any CPU.Build.0 = Debug|Any CPU
		{E6D741EB-88FC-4069-AE2B-754DEF970B19}.Release|Any CPU.ActiveCfg = Release|Any CPU
		{E6D741EB-88FC-4069-AE2B-754DEF970B19}.Release|Any CPU.Build.0 = Release|Any CPU
		{5061270B-532C-4616-8988-02A78CC03DF2}.Debug|Any CPU.ActiveCfg = Debug|Any CPU
		{5061270B-532C-4616-8988-02A78CC03DF2}.Debug|Any CPU.Build.0 = Debug|Any CPU
		{5061270B-532C-4616-8988-02A78CC03DF2}.Release|Any CPU.ActiveCfg = Release|Any CPU
		{5061270B-532C-4616-8988-02A78CC03DF2}.Release|Any CPU.Build.0 = Release|Any CPU
		{9536841A-50D0-452B-BD96-6CCBC5976E5E}.Debug|Any CPU.ActiveCfg = Debug|Any CPU
		{9536841A-50D0-452B-BD96-6CCBC5976E5E}.Debug|Any CPU.Build.0 = Debug|Any CPU
		{9536841A-50D0-452B-BD96-6CCBC5976E5E}.Release|Any CPU.ActiveCfg = Release|Any CPU
		{9536841A-50D0-452B-BD96-6CCBC5976E5E}.Release|Any CPU.Build.0 = Release|Any CPU
		{C1257688-DEDD-46CD-B9ED-065BF0EB7503}.Debug|Any CPU.ActiveCfg = Debug|Any CPU
		{C1257688-DEDD-46CD-B9ED-065BF0EB7503}.Debug|Any CPU.Build.0 = Debug|Any CPU
		{C1257688-DEDD-46CD-B9ED-065BF0EB7503}.Release|Any CPU.ActiveCfg = Release|Any CPU
		{C1257688-DEDD-46CD-B9ED-065BF0EB7503}.Release|Any CPU.Build.0 = Release|Any CPU
		{5490F786-9299-45E3-89C9-F0D607B28AC3}.Debug|Any CPU.ActiveCfg = Debug|Any CPU
		{5490F786-9299-45E3-89C9-F0D607B28AC3}.Debug|Any CPU.Build.0 = Debug|Any CPU
		{5490F786-9299-45E3-89C9-F0D607B28AC3}.Release|Any CPU.ActiveCfg = Release|Any CPU
		{5490F786-9299-45E3-89C9-F0D607B28AC3}.Release|Any CPU.Build.0 = Release|Any CPU
	EndGlobalSection
	GlobalSection(SolutionProperties) = preSolution
		HideSolutionNode = FALSE
	EndGlobalSection
	GlobalSection(NestedProjects) = preSolution
		{720C760B-F8DD-4493-9584-D22CFE96D277} = {2203364C-67F6-48CC-AA02-F2EB75DFE9C7}
		{ED58B862-7342-4978-A394-9DED7A5F375A} = {2203364C-67F6-48CC-AA02-F2EB75DFE9C7}
		{2E3C0883-D42A-466A-8BDD-ECB58FBD7761} = {2203364C-67F6-48CC-AA02-F2EB75DFE9C7}
		{E6D741EB-88FC-4069-AE2B-754DEF970B19} = {720C760B-F8DD-4493-9584-D22CFE96D277}
		{5061270B-532C-4616-8988-02A78CC03DF2} = {720C760B-F8DD-4493-9584-D22CFE96D277}
		{9536841A-50D0-452B-BD96-6CCBC5976E5E} = {ED58B862-7342-4978-A394-9DED7A5F375A}
		{C1257688-DEDD-46CD-B9ED-065BF0EB7503} = {ED58B862-7342-4978-A394-9DED7A5F375A}
		{5490F786-9299-45E3-89C9-F0D607B28AC3} = {2E3C0883-D42A-466A-8BDD-ECB58FBD7761}
	EndGlobalSection
	GlobalSection(ExtensibilityGlobals) = postSolution
		SolutionGuid = {967A38F8-9953-4BBA-A32D-E7FB8CFEDAA4}
	EndGlobalSection
EndGlobal
